// !$*UTF8*$!
{
	archiveVersion = 1;
	classes = {
	};
	objectVersion = 56;
	objects = {

/* Begin PBXBuildFile section */
		A1000001 /* ShellraiserApp.swift in Sources */ = {isa = PBXBuildFile; fileRef = A2000001; };
		A1000015 /* AppTheme.swift in Sources */ = {isa = PBXBuildFile; fileRef = A2000015; };
		A1000016 /* Assets.xcassets in Resources */ = {isa = PBXBuildFile; fileRef = A2000016; };
		A1000002 /* ContentView.swift in Sources */ = {isa = PBXBuildFile; fileRef = A2000002; };
		A1000028 /* WorkspaceEmptyState.swift in Sources */ = {isa = PBXBuildFile; fileRef = A2000028; };
		A1000029 /* CommandPaletteView.swift in Sources */ = {isa = PBXBuildFile; fileRef = A2000029; };
		A1000017 /* AgentType.swift in Sources */ = {isa = PBXBuildFile; fileRef = A2000017; };
		A1000018 /* TerminalPanelConfig.swift in Sources */ = {isa = PBXBuildFile; fileRef = A2000018; };
		A1000019 /* SurfaceModel.swift in Sources */ = {isa = PBXBuildFile; fileRef = A2000019; };
		A1000020 /* PaneNodeModel.swift in Sources */ = {isa = PBXBuildFile; fileRef = A2000020; };
		A1000041 /* PaneNodeModel+Operations.swift in Sources */ = {isa = PBXBuildFile; fileRef = A2000041; };
		A1000021 /* WorkspaceModel.swift in Sources */ = {isa = PBXBuildFile; fileRef = A2000021; };
		A1000022 /* WindowModel.swift in Sources */ = {isa = PBXBuildFile; fileRef = A2000022; };
		A1000004 /* WorkspaceManager.swift in Sources */ = {isa = PBXBuildFile; fileRef = A2000004; };
		A1000023 /* WorkspaceManager+WorkspaceLifecycle.swift in Sources */ = {isa = PBXBuildFile; fileRef = A2000023; };
		A1000024 /* WorkspaceManager+SurfaceOperations.swift in Sources */ = {isa = PBXBuildFile; fileRef = A2000024; };
		A1000025 /* WorkspaceManager+Shortcuts.swift in Sources */ = {isa = PBXBuildFile; fileRef = A2000025; };
		A1000026 /* WorkspaceManager+Completions.swift in Sources */ = {isa = PBXBuildFile; fileRef = A2000026; };
		A1000027 /* WorkspaceManager+CommandPalette.swift in Sources */ = {isa = PBXBuildFile; fileRef = A2000027; };
		A1000005 /* WorkspacePersistence.swift in Sources */ = {isa = PBXBuildFile; fileRef = A2000005; };
		A1000006 /* WorkspaceListView.swift in Sources */ = {isa = PBXBuildFile; fileRef = A2000006; };
		A1000030 /* WorkspaceSidebarRow.swift in Sources */ = {isa = PBXBuildFile; fileRef = A2000030; };
		A1000031 /* WorkspaceNameSheet.swift in Sources */ = {isa = PBXBuildFile; fileRef = A2000031; };
		A1000007 /* WorkspaceView.swift in Sources */ = {isa = PBXBuildFile; fileRef = A2000007; };
		A1000037 /* PaneNodeView.swift in Sources */ = {isa = PBXBuildFile; fileRef = A2000037; };
		A1000038 /* PaneSplitView.swift in Sources */ = {isa = PBXBuildFile; fileRef = A2000038; };
		A1000039 /* PaneLeafView.swift in Sources */ = {isa = PBXBuildFile; fileRef = A2000039; };
		A1000040 /* SurfaceTabButton.swift in Sources */ = {isa = PBXBuildFile; fileRef = A2000040; };
		A1000008 /* GhosttyTerminalView.swift in Sources */ = {isa = PBXBuildFile; fileRef = A2000008; };
		A1000009 /* WorkspaceCatalogManager.swift in Sources */ = {isa = PBXBuildFile; fileRef = A2000009; };
		A1000010 /* GhosttyKit.xcframework in Frameworks */ = {isa = PBXBuildFile; fileRef = A2000010; };
		A1000011 /* WorkspaceSurfaceManager.swift in Sources */ = {isa = PBXBuildFile; fileRef = A2000011; };
		A1000042 /* WorkspaceSurfaceManager+PaneOperations.swift in Sources */ = {isa = PBXBuildFile; fileRef = A2000042; };
		A1000043 /* WorkspaceSurfaceManager+SurfaceState.swift in Sources */ = {isa = PBXBuildFile; fileRef = A2000043; };
		A1000012 /* LibghosttySurfaceView.swift in Sources */ = {isa = PBXBuildFile; fileRef = A2000012; };
		A1000013 /* GhosttyRuntime.swift in Sources */ = {isa = PBXBuildFile; fileRef = A2000013; };
		A1000044 /* AgentRuntimeInterfaces.swift in Sources */ = {isa = PBXBuildFile; fileRef = A2000044; };
		A1000032 /* CompletionDebugLogger.swift in Sources */ = {isa = PBXBuildFile; fileRef = A2000032; };
		A1000033 /* CompletionModels.swift in Sources */ = {isa = PBXBuildFile; fileRef = A2000033; };
		A1000034 /* AgentRuntimeBridge.swift in Sources */ = {isa = PBXBuildFile; fileRef = A2000034; };
		A1000035 /* AgentCompletionEventMonitor.swift in Sources */ = {isa = PBXBuildFile; fileRef = A2000035; };
		A1000036 /* AgentCompletionNotificationManager.swift in Sources */ = {isa = PBXBuildFile; fileRef = A2000036; };
		A1000045 /* ShellraiserScriptingController.swift in Sources */ = {isa = PBXBuildFile; fileRef = A2000045; };
		A1000046 /* ScriptableTerminal.swift in Sources */ = {isa = PBXBuildFile; fileRef = A2000046; };
		A1000047 /* ShellraiserScriptCommands.swift in Sources */ = {isa = PBXBuildFile; fileRef = A2000047; };
		A1000048 /* WorkspaceManager+AppleScript.swift in Sources */ = {isa = PBXBuildFile; fileRef = A2000048; };
		A1000049 /* ShellraiserScripting.xml in Resources */ = {isa = PBXBuildFile; fileRef = A2000049; };
		A1000050 /* GitBranchResolver.swift in Sources */ = {isa = PBXBuildFile; fileRef = A2000050; };
		A1000051 /* WorkspaceManager+GitBranches.swift in Sources */ = {isa = PBXBuildFile; fileRef = A2000051; };
		A1000052 /* SurfaceInputEvent.swift in Sources */ = {isa = PBXBuildFile; fileRef = A2000052; };
		A1000053 /* SurfaceProgressReport.swift in Sources */ = {isa = PBXBuildFile; fileRef = A2000053; };
		A1000054 /* SurfaceProgressBar.swift in Sources */ = {isa = PBXBuildFile; fileRef = A2000054; };
		A1000055 /* SurfaceSearchState.swift in Sources */ = {isa = PBXBuildFile; fileRef = A2000055; };
		A1000056 /* TerminalSearchOverlay.swift in Sources */ = {isa = PBXBuildFile; fileRef = A2000056; };
/* End PBXBuildFile section */

/* Begin PBXFileReference section */
		A2000001 /* ShellraiserApp.swift */ = {isa = PBXFileReference; lastKnownFileType = sourcecode.swift; path = App/ShellraiserApp.swift; sourceTree = "<group>"; };
		A2000015 /* AppTheme.swift */ = {isa = PBXFileReference; lastKnownFileType = sourcecode.swift; path = DesignSystem/AppTheme.swift; sourceTree = "<group>"; };
		A2000016 /* Assets.xcassets */ = {isa = PBXFileReference; lastKnownFileType = folder.assetcatalog; path = ../../Shellraiser/Assets.xcassets; sourceTree = "<group>"; };
		A2000002 /* ContentView.swift */ = {isa = PBXFileReference; lastKnownFileType = sourcecode.swift; path = App/ContentView.swift; sourceTree = "<group>"; };
		A2000028 /* WorkspaceEmptyState.swift */ = {isa = PBXFileReference; lastKnownFileType = sourcecode.swift; path = App/WorkspaceEmptyState.swift; sourceTree = "<group>"; };
		A2000029 /* CommandPaletteView.swift */ = {isa = PBXFileReference; lastKnownFileType = sourcecode.swift; path = App/CommandPaletteView.swift; sourceTree = "<group>"; };
		A2000017 /* AgentType.swift */ = {isa = PBXFileReference; lastKnownFileType = sourcecode.swift; path = Models/AgentType.swift; sourceTree = "<group>"; };
		A2000018 /* TerminalPanelConfig.swift */ = {isa = PBXFileReference; lastKnownFileType = sourcecode.swift; path = Models/TerminalPanelConfig.swift; sourceTree = "<group>"; };
		A2000019 /* SurfaceModel.swift */ = {isa = PBXFileReference; lastKnownFileType = sourcecode.swift; path = Models/SurfaceModel.swift; sourceTree = "<group>"; };
		A2000020 /* PaneNodeModel.swift */ = {isa = PBXFileReference; lastKnownFileType = sourcecode.swift; path = Models/PaneNodeModel.swift; sourceTree = "<group>"; };
		A2000041 /* PaneNodeModel+Operations.swift */ = {isa = PBXFileReference; lastKnownFileType = sourcecode.swift; path = "Models/PaneNodeModel+Operations.swift"; sourceTree = "<group>"; };
		A2000021 /* WorkspaceModel.swift */ = {isa = PBXFileReference; lastKnownFileType = sourcecode.swift; path = Models/WorkspaceModel.swift; sourceTree = "<group>"; };
		A2000022 /* WindowModel.swift */ = {isa = PBXFileReference; lastKnownFileType = sourcecode.swift; path = Models/WindowModel.swift; sourceTree = "<group>"; };
		A2000004 /* WorkspaceManager.swift */ = {isa = PBXFileReference; lastKnownFileType = sourcecode.swift; path = Services/Workspaces/WorkspaceManager.swift; sourceTree = "<group>"; };
		A2000023 /* WorkspaceManager+WorkspaceLifecycle.swift */ = {isa = PBXFileReference; lastKnownFileType = sourcecode.swift; path = "Services/Workspaces/WorkspaceManager+WorkspaceLifecycle.swift"; sourceTree = "<group>"; };
		A2000024 /* WorkspaceManager+SurfaceOperations.swift */ = {isa = PBXFileReference; lastKnownFileType = sourcecode.swift; path = "Services/Workspaces/WorkspaceManager+SurfaceOperations.swift"; sourceTree = "<group>"; };
		A2000025 /* WorkspaceManager+Shortcuts.swift */ = {isa = PBXFileReference; lastKnownFileType = sourcecode.swift; path = "Services/Workspaces/WorkspaceManager+Shortcuts.swift"; sourceTree = "<group>"; };
		A2000026 /* WorkspaceManager+Completions.swift */ = {isa = PBXFileReference; lastKnownFileType = sourcecode.swift; path = "Services/Workspaces/WorkspaceManager+Completions.swift"; sourceTree = "<group>"; };
		A2000027 /* WorkspaceManager+CommandPalette.swift */ = {isa = PBXFileReference; lastKnownFileType = sourcecode.swift; path = "Services/Workspaces/WorkspaceManager+CommandPalette.swift"; sourceTree = "<group>"; };
		A2000005 /* WorkspacePersistence.swift */ = {isa = PBXFileReference; lastKnownFileType = sourcecode.swift; path = Services/Persistence/WorkspacePersistence.swift; sourceTree = "<group>"; };
		A2000006 /* WorkspaceListView.swift */ = {isa = PBXFileReference; lastKnownFileType = sourcecode.swift; path = Features/WorkspaceSidebar/WorkspaceListView.swift; sourceTree = "<group>"; };
		A2000030 /* WorkspaceSidebarRow.swift */ = {isa = PBXFileReference; lastKnownFileType = sourcecode.swift; path = Features/WorkspaceSidebar/WorkspaceSidebarRow.swift; sourceTree = "<group>"; };
		A2000031 /* WorkspaceNameSheet.swift */ = {isa = PBXFileReference; lastKnownFileType = sourcecode.swift; path = Features/WorkspaceSidebar/WorkspaceNameSheet.swift; sourceTree = "<group>"; };
		A2000007 /* WorkspaceView.swift */ = {isa = PBXFileReference; lastKnownFileType = sourcecode.swift; path = Features/WorkspaceDetail/WorkspaceView.swift; sourceTree = "<group>"; };
		A2000037 /* PaneNodeView.swift */ = {isa = PBXFileReference; lastKnownFileType = sourcecode.swift; path = Features/WorkspaceDetail/PaneNodeView.swift; sourceTree = "<group>"; };
		A2000038 /* PaneSplitView.swift */ = {isa = PBXFileReference; lastKnownFileType = sourcecode.swift; path = Features/WorkspaceDetail/PaneSplitView.swift; sourceTree = "<group>"; };
		A2000039 /* PaneLeafView.swift */ = {isa = PBXFileReference; lastKnownFileType = sourcecode.swift; path = Features/WorkspaceDetail/PaneLeafView.swift; sourceTree = "<group>"; };
		A2000040 /* SurfaceTabButton.swift */ = {isa = PBXFileReference; lastKnownFileType = sourcecode.swift; path = Features/WorkspaceDetail/SurfaceTabButton.swift; sourceTree = "<group>"; };
		A2000008 /* GhosttyTerminalView.swift */ = {isa = PBXFileReference; lastKnownFileType = sourcecode.swift; path = Features/Terminal/GhosttyTerminalView.swift; sourceTree = "<group>"; };
		A2000009 /* WorkspaceCatalogManager.swift */ = {isa = PBXFileReference; lastKnownFileType = sourcecode.swift; path = Services/Workspaces/WorkspaceCatalogManager.swift; sourceTree = "<group>"; };
		A2000010 /* GhosttyKit.xcframework */ = {isa = PBXFileReference; lastKnownFileType = wrapper.xcframework; name = GhosttyKit.xcframework; path = ghostty/macos/GhosttyKit.xcframework; sourceTree = "<group>"; };
		A2000011 /* WorkspaceSurfaceManager.swift */ = {isa = PBXFileReference; lastKnownFileType = sourcecode.swift; path = Services/Workspaces/WorkspaceSurfaceManager.swift; sourceTree = "<group>"; };
		A2000042 /* WorkspaceSurfaceManager+PaneOperations.swift */ = {isa = PBXFileReference; lastKnownFileType = sourcecode.swift; path = "Services/Workspaces/WorkspaceSurfaceManager+PaneOperations.swift"; sourceTree = "<group>"; };
		A2000043 /* WorkspaceSurfaceManager+SurfaceState.swift */ = {isa = PBXFileReference; lastKnownFileType = sourcecode.swift; path = "Services/Workspaces/WorkspaceSurfaceManager+SurfaceState.swift"; sourceTree = "<group>"; };
		A2000012 /* LibghosttySurfaceView.swift */ = {isa = PBXFileReference; lastKnownFileType = sourcecode.swift; path = Infrastructure/Ghostty/LibghosttySurfaceView.swift; sourceTree = "<group>"; };
		A2000013 /* GhosttyRuntime.swift */ = {isa = PBXFileReference; lastKnownFileType = sourcecode.swift; path = Infrastructure/Ghostty/GhosttyRuntime.swift; sourceTree = "<group>"; };
		A2000044 /* AgentRuntimeInterfaces.swift */ = {isa = PBXFileReference; lastKnownFileType = sourcecode.swift; path = Infrastructure/Agents/AgentRuntimeInterfaces.swift; sourceTree = "<group>"; };
		A2000032 /* CompletionDebugLogger.swift */ = {isa = PBXFileReference; lastKnownFileType = sourcecode.swift; path = Infrastructure/Agents/CompletionDebugLogger.swift; sourceTree = "<group>"; };
		A2000033 /* CompletionModels.swift */ = {isa = PBXFileReference; lastKnownFileType = sourcecode.swift; path = Infrastructure/Agents/CompletionModels.swift; sourceTree = "<group>"; };
		A2000034 /* AgentRuntimeBridge.swift */ = {isa = PBXFileReference; lastKnownFileType = sourcecode.swift; path = Infrastructure/Agents/AgentRuntimeBridge.swift; sourceTree = "<group>"; };
		A2000035 /* AgentCompletionEventMonitor.swift */ = {isa = PBXFileReference; lastKnownFileType = sourcecode.swift; path = Infrastructure/Agents/AgentCompletionEventMonitor.swift; sourceTree = "<group>"; };
		A2000036 /* AgentCompletionNotificationManager.swift */ = {isa = PBXFileReference; lastKnownFileType = sourcecode.swift; path = Infrastructure/Agents/AgentCompletionNotificationManager.swift; sourceTree = "<group>"; };
		A2000045 /* ShellraiserScriptingController.swift */ = {isa = PBXFileReference; lastKnownFileType = sourcecode.swift; path = Infrastructure/AppleScript/ShellraiserScriptingController.swift; sourceTree = "<group>"; };
		A2000046 /* ScriptableTerminal.swift */ = {isa = PBXFileReference; lastKnownFileType = sourcecode.swift; path = Infrastructure/AppleScript/ScriptableTerminal.swift; sourceTree = "<group>"; };
		A2000047 /* ShellraiserScriptCommands.swift */ = {isa = PBXFileReference; lastKnownFileType = sourcecode.swift; path = Infrastructure/AppleScript/ShellraiserScriptCommands.swift; sourceTree = "<group>"; };
		A2000048 /* WorkspaceManager+AppleScript.swift */ = {isa = PBXFileReference; lastKnownFileType = sourcecode.swift; path = "Infrastructure/AppleScript/WorkspaceManager+AppleScript.swift"; sourceTree = "<group>"; };
		A2000049 /* ShellraiserScripting.xml */ = {isa = PBXFileReference; lastKnownFileType = text.xml; path = Infrastructure/AppleScript/ShellraiserScripting.xml; sourceTree = "<group>"; };
		A2000050 /* GitBranchResolver.swift */ = {isa = PBXFileReference; lastKnownFileType = sourcecode.swift; path = Infrastructure/Git/GitBranchResolver.swift; sourceTree = "<group>"; };
		A2000051 /* WorkspaceManager+GitBranches.swift */ = {isa = PBXFileReference; lastKnownFileType = sourcecode.swift; path = "Services/Workspaces/WorkspaceManager+GitBranches.swift"; sourceTree = "<group>"; };
		A2000052 /* SurfaceInputEvent.swift */ = {isa = PBXFileReference; lastKnownFileType = sourcecode.swift; path = Models/SurfaceInputEvent.swift; sourceTree = "<group>"; };
		A2000053 /* SurfaceProgressReport.swift */ = {isa = PBXFileReference; lastKnownFileType = sourcecode.swift; path = Models/SurfaceProgressReport.swift; sourceTree = "<group>"; };
		A2000054 /* SurfaceProgressBar.swift */ = {isa = PBXFileReference; lastKnownFileType = sourcecode.swift; path = Features/WorkspaceDetail/SurfaceProgressBar.swift; sourceTree = "<group>"; };
		A2000055 /* SurfaceSearchState.swift */ = {isa = PBXFileReference; lastKnownFileType = sourcecode.swift; path = Models/SurfaceSearchState.swift; sourceTree = "<group>"; };
		A2000056 /* TerminalSearchOverlay.swift */ = {isa = PBXFileReference; lastKnownFileType = sourcecode.swift; path = Features/WorkspaceDetail/TerminalSearchOverlay.swift; sourceTree = "<group>"; };
		A3000001 /* Shellraiser.app */ = {isa = PBXFileReference; explicitFileType = wrapper.application; includeInIndex = 0; path = Shellraiser.app; sourceTree = BUILT_PRODUCTS_DIR; };
/* End PBXFileReference section */

/* Begin PBXFrameworksBuildPhase section */
		A6000003 /* Frameworks */ = {
			isa = PBXFrameworksBuildPhase;
			buildActionMask = 2147483647;
			files = (
				A1000010 /* GhosttyKit.xcframework in Frameworks */,
			);
			runOnlyForDeploymentPostprocessing = 0;
		};
/* End PBXFrameworksBuildPhase section */

/* Begin PBXGroup section */
		A4000001 = {
			isa = PBXGroup;
			children = (
				A4000002 /* Shellraiser */,
				A4000004 /* Frameworks */,
				A4000003 /* Products */,
			);
			sourceTree = "<group>";
		};
		A4000002 /* Shellraiser */ = {
			isa = PBXGroup;
			children = (
				A2000016 /* Assets.xcassets */,
				A2000001 /* ShellraiserApp.swift */,
				A2000015 /* AppTheme.swift */,
				A2000002 /* ContentView.swift */,
				A2000028 /* WorkspaceEmptyState.swift */,
				A2000029 /* CommandPaletteView.swift */,
				A2000017 /* AgentType.swift */,
				A2000018 /* TerminalPanelConfig.swift */,
				A2000019 /* SurfaceModel.swift */,
				A2000052 /* SurfaceInputEvent.swift */,
				A2000053 /* SurfaceProgressReport.swift */,
				A2000055 /* SurfaceSearchState.swift */,
				A2000020 /* PaneNodeModel.swift */,
				A2000041 /* PaneNodeModel+Operations.swift */,
				A2000021 /* WorkspaceModel.swift */,
				A2000022 /* WindowModel.swift */,
				A2000004 /* WorkspaceManager.swift */,
				A2000023 /* WorkspaceManager+WorkspaceLifecycle.swift */,
				A2000024 /* WorkspaceManager+SurfaceOperations.swift */,
				A2000025 /* WorkspaceManager+Shortcuts.swift */,
				A2000026 /* WorkspaceManager+Completions.swift */,
				A2000027 /* WorkspaceManager+CommandPalette.swift */,
				A2000051 /* WorkspaceManager+GitBranches.swift */,
				A2000009 /* WorkspaceCatalogManager.swift */,
				A2000011 /* WorkspaceSurfaceManager.swift */,
				A2000042 /* WorkspaceSurfaceManager+PaneOperations.swift */,
				A2000043 /* WorkspaceSurfaceManager+SurfaceState.swift */,
				A2000005 /* WorkspacePersistence.swift */,
				A2000006 /* WorkspaceListView.swift */,
				A2000030 /* WorkspaceSidebarRow.swift */,
				A2000031 /* WorkspaceNameSheet.swift */,
				A2000007 /* WorkspaceView.swift */,
				A2000037 /* PaneNodeView.swift */,
				A2000038 /* PaneSplitView.swift */,
				A2000039 /* PaneLeafView.swift */,
				A2000056 /* TerminalSearchOverlay.swift */,
				A2000040 /* SurfaceTabButton.swift */,
				A2000054 /* SurfaceProgressBar.swift */,
				A2000008 /* GhosttyTerminalView.swift */,
				A2000012 /* LibghosttySurfaceView.swift */,
				A2000013 /* GhosttyRuntime.swift */,
				A2000050 /* GitBranchResolver.swift */,
				A2000044 /* AgentRuntimeInterfaces.swift */,
				A2000032 /* CompletionDebugLogger.swift */,
				A2000033 /* CompletionModels.swift */,
				A2000034 /* AgentRuntimeBridge.swift */,
				A2000035 /* AgentCompletionEventMonitor.swift */,
				A2000036 /* AgentCompletionNotificationManager.swift */,
				A2000045 /* ShellraiserScriptingController.swift */,
				A2000046 /* ScriptableTerminal.swift */,
				A2000047 /* ShellraiserScriptCommands.swift */,
				A2000048 /* WorkspaceManager+AppleScript.swift */,
				A2000049 /* ShellraiserScripting.xml */,
			);
			path = Sources/Shellraiser;
			sourceTree = "<group>";
		};
		A4000003 /* Products */ = {
			isa = PBXGroup;
			children = (
				A3000001 /* Shellraiser.app */,
			);
			name = Products;
			sourceTree = "<group>";
		};
		A4000004 /* Frameworks */ = {
			isa = PBXGroup;
			children = (
				A2000010 /* GhosttyKit.xcframework */,
			);
			name = Frameworks;
			sourceTree = "<group>";
		};
/* End PBXGroup section */

/* Begin PBXNativeTarget section */
		A5000001 /* Shellraiser */ = {
			isa = PBXNativeTarget;
			buildConfigurationList = A7000001 /* Build configuration list for PBXNativeTarget "Shellraiser" */;
			buildPhases = (
				A6000003 /* Frameworks */,
				A6000001 /* Sources */,
				A6000002 /* Resources */,
			);
			buildRules = (
			);
			dependencies = (
			);
			name = Shellraiser;
			productName = Shellraiser;
			productReference = A3000001 /* Shellraiser.app */;
			productType = "com.apple.product-type.application";
		};
/* End PBXNativeTarget section */

/* Begin PBXProject section */
		A8000001 /* Project object */ = {
			isa = PBXProject;
			attributes = {
				BuildIndependentBuildInParallel = 1;
				LastSwiftUpdateCheck = 1500;
				LastUpgradeCheck = 1500;
				TargetAttributes = {
					A5000001 = {
						CreatedOnToolsVersion = 15.0;
					};
				};
			};
			buildConfigurationList = A7000002 /* Build configuration list for PBXProject "Shellraiser" */;
			compatibilityVersion = "Xcode 14.0";
			developmentRegion = en;
			hasScannedForEncodings = 0;
			knownRegions = (
				en,
				Base,
			);
			mainGroup = A4000001;
			productRefGroup = A4000003 /* Products */;
			projectDirPath = "";
			projectRoot = "";
			targets = (
				A5000001 /* Shellraiser */,
			);
		};
/* End PBXProject section */

/* Begin PBXResourcesBuildPhase section */
		A6000002 /* Resources */ = {
			isa = PBXResourcesBuildPhase;
			buildActionMask = 2147483647;
			files = (
				A1000016 /* Assets.xcassets in Resources */,
				A1000049 /* ShellraiserScripting.xml in Resources */,
			);
			runOnlyForDeploymentPostprocessing = 0;
		};
/* End PBXResourcesBuildPhase section */

/* Begin PBXSourcesBuildPhase section */
		A6000001 /* Sources */ = {
			isa = PBXSourcesBuildPhase;
			buildActionMask = 2147483647;
			files = (
				A1000001 /* ShellraiserApp.swift in Sources */,
				A1000015 /* AppTheme.swift in Sources */,
				A1000002 /* ContentView.swift in Sources */,
				A1000028 /* WorkspaceEmptyState.swift in Sources */,
				A1000029 /* CommandPaletteView.swift in Sources */,
				A1000017 /* AgentType.swift in Sources */,
				A1000018 /* TerminalPanelConfig.swift in Sources */,
				A1000019 /* SurfaceModel.swift in Sources */,
				A1000052 /* SurfaceInputEvent.swift in Sources */,
				A1000053 /* SurfaceProgressReport.swift in Sources */,
				A1000054 /* SurfaceProgressBar.swift in Sources */,
				A1000055 /* SurfaceSearchState.swift in Sources */,
				A1000020 /* PaneNodeModel.swift in Sources */,
				A1000041 /* PaneNodeModel+Operations.swift in Sources */,
				A1000021 /* WorkspaceModel.swift in Sources */,
				A1000022 /* WindowModel.swift in Sources */,
				A1000004 /* WorkspaceManager.swift in Sources */,
				A1000023 /* WorkspaceManager+WorkspaceLifecycle.swift in Sources */,
				A1000024 /* WorkspaceManager+SurfaceOperations.swift in Sources */,
				A1000025 /* WorkspaceManager+Shortcuts.swift in Sources */,
				A1000026 /* WorkspaceManager+Completions.swift in Sources */,
				A1000027 /* WorkspaceManager+CommandPalette.swift in Sources */,
				A1000051 /* WorkspaceManager+GitBranches.swift in Sources */,
				A1000005 /* WorkspacePersistence.swift in Sources */,
				A1000006 /* WorkspaceListView.swift in Sources */,
				A1000030 /* WorkspaceSidebarRow.swift in Sources */,
				A1000031 /* WorkspaceNameSheet.swift in Sources */,
				A1000007 /* WorkspaceView.swift in Sources */,
				A1000037 /* PaneNodeView.swift in Sources */,
				A1000038 /* PaneSplitView.swift in Sources */,
				A1000039 /* PaneLeafView.swift in Sources */,
				A1000056 /* TerminalSearchOverlay.swift in Sources */,
				A1000040 /* SurfaceTabButton.swift in Sources */,
				A1000008 /* GhosttyTerminalView.swift in Sources */,
				A1000009 /* WorkspaceCatalogManager.swift in Sources */,
				A1000011 /* WorkspaceSurfaceManager.swift in Sources */,
				A1000042 /* WorkspaceSurfaceManager+PaneOperations.swift in Sources */,
				A1000043 /* WorkspaceSurfaceManager+SurfaceState.swift in Sources */,
				A1000012 /* LibghosttySurfaceView.swift in Sources */,
				A1000013 /* GhosttyRuntime.swift in Sources */,
				A1000050 /* GitBranchResolver.swift in Sources */,
				A1000044 /* AgentRuntimeInterfaces.swift in Sources */,
				A1000032 /* CompletionDebugLogger.swift in Sources */,
				A1000033 /* CompletionModels.swift in Sources */,
				A1000034 /* AgentRuntimeBridge.swift in Sources */,
				A1000035 /* AgentCompletionEventMonitor.swift in Sources */,
				A1000036 /* AgentCompletionNotificationManager.swift in Sources */,
				A1000045 /* ShellraiserScriptingController.swift in Sources */,
				A1000046 /* ScriptableTerminal.swift in Sources */,
				A1000047 /* ShellraiserScriptCommands.swift in Sources */,
				A1000048 /* WorkspaceManager+AppleScript.swift in Sources */,
			);
			runOnlyForDeploymentPostprocessing = 0;
		};
/* End PBXSourcesBuildPhase section */

/* Begin XCBuildConfiguration section */
		A9000001 /* Debug */ = {
			isa = XCBuildConfiguration;
			buildSettings = {
				ALWAYS_SEARCH_USER_PATHS = NO;
				CLANG_ANALYZER_NONNULL = YES;
				CLANG_ANALYZER_NUMBER_OBJECT_CONVERSION = YES_AGGRESSIVE;
				CLANG_CXX_LANGUAGE_STANDARD = "gnu++20";
				CLANG_ENABLE_MODULES = YES;
				CLANG_ENABLE_OBJC_ARC = YES;
				CLANG_ENABLE_OBJC_WEAK = YES;
				CLANG_WARN_BLOCK_CAPTURE_AUTORELEASING = YES;
				CLANG_WARN_BOOL_CONVERSION = YES;
				CLANG_WARN_COMMA = YES;
				CLANG_WARN_CONSTANT_CONVERSION = YES;
				CLANG_WARN_DEPRECATED_OBJC_IMPLEMENTATIONS = YES;
				CLANG_WARN_DIRECT_OBJC_ISA_USAGE = YES_ERROR;
				CLANG_WARN_DOCUMENTATION_COMMENTS = YES;
				CLANG_WARN_EMPTY_BODY = YES;
				CLANG_WARN_ENUM_CONVERSION = YES;
				CLANG_WARN_INFINITE_RECURSION = YES;
				CLANG_WARN_INT_CONVERSION = YES;
				CLANG_WARN_NON_LITERAL_NULL_CONVERSION = YES;
				CLANG_WARN_OBJC_IMPLICIT_RETAIN_SELF = YES;
				CLANG_WARN_OBJC_LITERAL_CONVERSION = YES;
				CLANG_WARN_OBJC_ROOT_CLASS = YES_ERROR;
				CLANG_WARN_QUOTED_INCLUDE_IN_FRAMEWORK_HEADER = YES;
				CLANG_WARN_RANGE_LOOP_ANALYSIS = YES;
				CLANG_WARN_STRICT_PROTOTYPES = YES;
				CLANG_WARN_SUSPICIOUS_MOVE = YES;
				CLANG_WARN_UNGUARDED_AVAILABILITY = YES_AGGRESSIVE;
				CLANG_WARN_UNREACHABLE_CODE = YES;
				CLANG_WARN__DUPLICATE_METHOD_MATCH = YES;
				COPY_PHASE_STRIP = NO;
				DEBUG_INFORMATION_FORMAT = dwarf;
				ENABLE_STRICT_OBJC_MSGSEND = YES;
				ENABLE_TESTABILITY = YES;
				ENABLE_USER_SCRIPT_SANDBOXING = YES;
				GCC_C_LANGUAGE_STANDARD = gnu17;
				GCC_DYNAMIC_NO_PIC = NO;
				GCC_NO_COMMON_BLOCKS = YES;
				GCC_OPTIMIZATION_LEVEL = 0;
				GCC_PREPROCESSOR_DEFINITIONS = (
					"DEBUG=1",
					"$(inherited)",
				);
				GCC_WARN_64_TO_32_BIT_CONVERSION = YES;
				GCC_WARN_ABOUT_RETURN_TYPE = YES_ERROR;
				GCC_WARN_UNDECLARED_SELECTOR = YES;
				GCC_WARN_UNINITIALIZED_AUTOS = YES_AGGRESSIVE;
				GCC_WARN_UNUSED_FUNCTION = YES;
				GCC_WARN_UNUSED_VARIABLE = YES;
				LOCALIZATION_PREFERS_STRING_CATALOGS = YES;
				MACOSX_DEPLOYMENT_TARGET = 14.0;
				MTL_ENABLE_DEBUG_INFO = INCLUDE_SOURCE;
				MTL_FAST_MATH = YES;
				ONLY_ACTIVE_ARCH = YES;
				SDKROOT = macosx;
				SWIFT_ACTIVE_COMPILATION_CONDITIONS = DEBUG;
				SWIFT_OPTIMIZATION_LEVEL = "-Onone";
			};
			name = Debug;
		};
		A9000002 /* Release */ = {
			isa = XCBuildConfiguration;
			buildSettings = {
				ALWAYS_SEARCH_USER_PATHS = NO;
				CLANG_ANALYZER_NONNULL = YES;
				CLANG_ANALYZER_NUMBER_OBJECT_CONVERSION = YES_AGGRESSIVE;
				CLANG_CXX_LANGUAGE_STANDARD = "gnu++20";
				CLANG_ENABLE_MODULES = YES;
				CLANG_ENABLE_OBJC_ARC = YES;
				CLANG_ENABLE_OBJC_WEAK = YES;
				CLANG_WARN_BLOCK_CAPTURE_AUTORELEASING = YES;
				CLANG_WARN_BOOL_CONVERSION = YES;
				CLANG_WARN_COMMA = YES;
				CLANG_WARN_CONSTANT_CONVERSION = YES;
				CLANG_WARN_DEPRECATED_OBJC_IMPLEMENTATIONS = YES;
				CLANG_WARN_DIRECT_OBJC_ISA_USAGE = YES_ERROR;
				CLANG_WARN_DOCUMENTATION_COMMENTS = YES;
				CLANG_WARN_EMPTY_BODY = YES;
				CLANG_WARN_ENUM_CONVERSION = YES;
				CLANG_WARN_INFINITE_RECURSION = YES;
				CLANG_WARN_INT_CONVERSION = YES;
				CLANG_WARN_NON_LITERAL_NULL_CONVERSION = YES;
				CLANG_WARN_OBJC_IMPLICIT_RETAIN_SELF = YES;
				CLANG_WARN_OBJC_LITERAL_CONVERSION = YES;
				CLANG_WARN_OBJC_ROOT_CLASS = YES_ERROR;
				CLANG_WARN_QUOTED_INCLUDE_IN_FRAMEWORK_HEADER = YES;
				CLANG_WARN_RANGE_LOOP_ANALYSIS = YES;
				CLANG_WARN_STRICT_PROTOTYPES = YES;
				CLANG_WARN_SUSPICIOUS_MOVE = YES;
				CLANG_WARN_UNGUARDED_AVAILABILITY = YES_AGGRESSIVE;
				CLANG_WARN_UNREACHABLE_CODE = YES;
				CLANG_WARN__DUPLICATE_METHOD_MATCH = YES;
				COPY_PHASE_STRIP = NO;
				DEBUG_INFORMATION_FORMAT = "dwarf-with-dsym";
				ENABLE_NS_ASSERTIONS = NO;
				ENABLE_STRICT_OBJC_MSGSEND = YES;
				ENABLE_USER_SCRIPT_SANDBOXING = YES;
				GCC_C_LANGUAGE_STANDARD = gnu17;
				GCC_NO_COMMON_BLOCKS = YES;
				GCC_WARN_64_TO_32_BIT_CONVERSION = YES;
				GCC_WARN_ABOUT_RETURN_TYPE = YES_ERROR;
				GCC_WARN_UNDECLARED_SELECTOR = YES;
				GCC_WARN_UNINITIALIZED_AUTOS = YES_AGGRESSIVE;
				GCC_WARN_UNUSED_FUNCTION = YES;
				GCC_WARN_UNUSED_VARIABLE = YES;
				LOCALIZATION_PREFERS_STRING_CATALOGS = YES;
				MACOSX_DEPLOYMENT_TARGET = 14.0;
				MTL_ENABLE_DEBUG_INFO = NO;
				MTL_FAST_MATH = YES;
				SDKROOT = macosx;
				SWIFT_COMPILATION_MODE = wholemodule;
			};
			name = Release;
		};
		A9000003 /* Debug */ = {
			isa = XCBuildConfiguration;
			buildSettings = {
				ASSETCATALOG_COMPILER_APPICON_NAME = AppIcon;
				CODE_SIGN_STYLE = Automatic;
				COMBINE_HIDPI_IMAGES = YES;
				CURRENT_PROJECT_VERSION = 1;
				DEVELOPMENT_ASSET_PATHS = "";
				ENABLE_HARDENED_RUNTIME = YES;
				ENABLE_PREVIEWS = YES;
				GENERATE_INFOPLIST_FILE = NO;
				INFOPLIST_FILE = Shellraiser/Info.plist;
				LD_RUNPATH_SEARCH_PATHS = (
					"$(inherited)",
					"@executable_path/../Frameworks",
				);
				MARKETING_VERSION = 1.0;
				OTHER_LDFLAGS = (
					"$(inherited)",
					"-lc++",
					"-framework",
					Carbon,
				);
				PRODUCT_BUNDLE_IDENTIFIER = com.shellraiser.app;
				PRODUCT_NAME = "$(TARGET_NAME)";
				SWIFT_EMIT_LOC_STRINGS = YES;
				SWIFT_VERSION = 5.0;
			};
			name = Debug;
		};
		A9000004 /* Release */ = {
			isa = XCBuildConfiguration;
			buildSettings = {
				ASSETCATALOG_COMPILER_APPICON_NAME = AppIcon;
				CODE_SIGN_ENTITLEMENTS = Shellraiser/Shellraiser.entitlements;
				CODE_SIGN_STYLE = Automatic;
				COMBINE_HIDPI_IMAGES = YES;
				CURRENT_PROJECT_VERSION = 1;
				DEVELOPMENT_ASSET_PATHS = "";
				ENABLE_HARDENED_RUNTIME = YES;
				ENABLE_PREVIEWS = YES;
				GENERATE_INFOPLIST_FILE = NO;
				INFOPLIST_FILE = Shellraiser/Info.plist;
				LD_RUNPATH_SEARCH_PATHS = (
					"$(inherited)",
					"@executable_path/../Frameworks",
				);
				MARKETING_VERSION = 1.0;
				OTHER_LDFLAGS = (
					"$(inherited)",
					"-lc++",
					"-framework",
					Carbon,
				);
				PRODUCT_BUNDLE_IDENTIFIER = com.shellraiser.app;
				PRODUCT_NAME = "$(TARGET_NAME)";
				SWIFT_EMIT_LOC_STRINGS = YES;
				SWIFT_VERSION = 5.0;
			};
			name = Release;
		};
/* End XCBuildConfiguration section */

/* Begin XCConfigurationList section */
		A7000001 /* Build configuration list for PBXNativeTarget "Shellraiser" */ = {
			isa = XCConfigurationList;
			buildConfigurations = (
				A9000003 /* Debug */,
				A9000004 /* Release */,
			);
			defaultConfigurationIsVisible = 0;
			defaultConfigurationName = Release;
		};
		A7000002 /* Build configuration list for PBXProject "Shellraiser" */ = {
			isa = XCConfigurationList;
			buildConfigurations = (
				A9000001 /* Debug */,
				A9000002 /* Release */,
			);
			defaultConfigurationIsVisible = 0;
			defaultConfigurationName = Release;
		};
/* End XCConfigurationList section */
	};
	rootObject = A8000001 /* Project object */;
}
